
Microsoft Visual Studio Solution File, Format Version 12.00
# Visual Studio 15
VisualStudioVersion = 15.0.28307.329
MinimumVisualStudioVersion = 10.0.40219.1
Project("{FAE04EC0-301F-11D3-BF4B-00C04F79EFBC}") = "ryzenadj-service", "ryzenadj-service\ryzenadj-service.csproj", "{F607279F-8C7B-4A68-904F-E96B3BC14427}"
EndProject
Global
	GlobalSection(SolutionConfigurationPlatforms) = preSolution
		Debug|Any CPU = Debug|Any CPU
		Release|Any CPU = Release|Any CPU
	EndGlobalSection
	GlobalSection(ProjectConfigurationPlatforms) = postSolution
		{F607279F-8C7B-4A68-904F-E96B3BC14427}.Debug|Any CPU.ActiveCfg = Debug|Any CPU
		{F607279F-8C7B-4A68-904F-E96B3BC14427}.Debug|Any CPU.Build.0 = Debug|Any CPU
		{F607279F-8C7B-4A68-904F-E96B3BC14427}.Release|Any CPU.ActiveCfg = Release|Any CPU
		{F607279F-8C7B-4A68-904F-E96B3BC14427}.Release|Any CPU.Build.0 = Release|Any CPU
	EndGlobalSection
	GlobalSection(SolutionProperties) = preSolution
		HideSolutionNode = FALSE
	EndGlobalSection
	GlobalSection(ExtensibilityGlobals) = postSolution
		SolutionGuid = {732A8C12-483D-4234-9E60-2968C3607F01}
	EndGlobalSection
EndGlobal
